// !$*UTF8*$!
{
	archiveVersion = 1;
	classes = {
	};
	objectVersion = 50;
	objects = {

/* Begin PBXBuildFile section */
		FA13AA2F261CB73000B18108 /* AppDelegate.swift in Sources */ = {isa = PBXBuildFile; fileRef = FA13AA2E261CB73000B18108 /* AppDelegate.swift */; };
		FA13AA31261CB73000B18108 /* SceneDelegate.swift in Sources */ = {isa = PBXBuildFile; fileRef = FA13AA30261CB73000B18108 /* SceneDelegate.swift */; };
		FA13AA33261CB73000B18108 /* LoginViewController.swift in Sources */ = {isa = PBXBuildFile; fileRef = FA13AA32261CB73000B18108 /* LoginViewController.swift */; };
		FA13AA36261CB73000B18108 /* Main.storyboard in Resources */ = {isa = PBXBuildFile; fileRef = FA13AA34261CB73000B18108 /* Main.storyboard */; };
		FA13AA38261CB73100B18108 /* Assets.xcassets in Resources */ = {isa = PBXBuildFile; fileRef = FA13AA37261CB73100B18108 /* Assets.xcassets */; };
		FA13AA3B261CB73100B18108 /* LaunchScreen.storyboard in Resources */ = {isa = PBXBuildFile; fileRef = FA13AA39261CB73100B18108 /* LaunchScreen.storyboard */; };
		FA3C5D022624D2DD00124D4D /* CustomTableViewCell.swift in Sources */ = {isa = PBXBuildFile; fileRef = FA3C5D002624D2DD00124D4D /* CustomTableViewCell.swift */; };
		FA3C5D032624D2DD00124D4D /* CustomTableViewCell.xib in Resources */ = {isa = PBXBuildFile; fileRef = FA3C5D012624D2DD00124D4D /* CustomTableViewCell.xib */; };
		FA3C5D062624DB6B00124D4D /* FriendsTableViewController.swift in Sources */ = {isa = PBXBuildFile; fileRef = FA3C5D052624DB6B00124D4D /* FriendsTableViewController.swift */; };
		FA4D576526276C0A00B7BD31 /* CustomCollectionViewCell.swift in Sources */ = {isa = PBXBuildFile; fileRef = FA4D576326276C0A00B7BD31 /* CustomCollectionViewCell.swift */; };
		FA4D576626276C0A00B7BD31 /* CustomCollectionViewCell.xib in Resources */ = {isa = PBXBuildFile; fileRef = FA4D576426276C0A00B7BD31 /* CustomCollectionViewCell.xib */; };
		FA4D576926276FAA00B7BD31 /* PhotoCollectionViewController.swift in Sources */ = {isa = PBXBuildFile; fileRef = FA4D576826276FAA00B7BD31 /* PhotoCollectionViewController.swift */; };
/* End PBXBuildFile section */

/* Begin PBXFileReference section */
		FA13AA2B261CB73000B18108 /* ch2task1.app */ = {isa = PBXFileReference; explicitFileType = wrapper.application; includeInIndex = 0; path = ch2task1.app; sourceTree = BUILT_PRODUCTS_DIR; };
		FA13AA2E261CB73000B18108 /* AppDelegate.swift */ = {isa = PBXFileReference; lastKnownFileType = sourcecode.swift; path = AppDelegate.swift; sourceTree = "<group>"; };
		FA13AA30261CB73000B18108 /* SceneDelegate.swift */ = {isa = PBXFileReference; lastKnownFileType = sourcecode.swift; path = SceneDelegate.swift; sourceTree = "<group>"; };
		FA13AA32261CB73000B18108 /* LoginViewController.swift */ = {isa = PBXFileReference; lastKnownFileType = sourcecode.swift; path = LoginViewController.swift; sourceTree = "<group>"; };
		FA13AA35261CB73000B18108 /* Base */ = {isa = PBXFileReference; lastKnownFileType = file.storyboard; name = Base; path = Base.lproj/Main.storyboard; sourceTree = "<group>"; };
		FA13AA37261CB73100B18108 /* Assets.xcassets */ = {isa = PBXFileReference; lastKnownFileType = folder.assetcatalog; path = Assets.xcassets; sourceTree = "<group>"; };
		FA13AA3A261CB73100B18108 /* Base */ = {isa = PBXFileReference; lastKnownFileType = file.storyboard; name = Base; path = Base.lproj/LaunchScreen.storyboard; sourceTree = "<group>"; };
		FA13AA3C261CB73100B18108 /* Info.plist */ = {isa = PBXFileReference; lastKnownFileType = text.plist.xml; path = Info.plist; sourceTree = "<group>"; };
		FA3C5D002624D2DD00124D4D /* CustomTableViewCell.swift */ = {isa = PBXFileReference; lastKnownFileType = sourcecode.swift; path = CustomTableViewCell.swift; sourceTree = "<group>"; };
		FA3C5D012624D2DD00124D4D /* CustomTableViewCell.xib */ = {isa = PBXFileReference; lastKnownFileType = file.xib; path = CustomTableViewCell.xib; sourceTree = "<group>"; };
		FA3C5D052624DB6B00124D4D /* FriendsTableViewController.swift */ = {isa = PBXFileReference; lastKnownFileType = sourcecode.swift; path = FriendsTableViewController.swift; sourceTree = "<group>"; };
		FA4D576326276C0A00B7BD31 /* CustomCollectionViewCell.swift */ = {isa = PBXFileReference; lastKnownFileType = sourcecode.swift; path = CustomCollectionViewCell.swift; sourceTree = "<group>"; };
		FA4D576426276C0A00B7BD31 /* CustomCollectionViewCell.xib */ = {isa = PBXFileReference; lastKnownFileType = file.xib; path = CustomCollectionViewCell.xib; sourceTree = "<group>"; };
		FA4D576826276FAA00B7BD31 /* PhotoCollectionViewController.swift */ = {isa = PBXFileReference; lastKnownFileType = sourcecode.swift; path = PhotoCollectionViewController.swift; sourceTree = "<group>"; };
/* End PBXFileReference section */

/* Begin PBXFrameworksBuildPhase section */
		FA13AA28261CB73000B18108 /* Frameworks */ = {
			isa = PBXFrameworksBuildPhase;
			buildActionMask = 2147483647;
			files = (
			);
			runOnlyForDeploymentPostprocessing = 0;
		};
/* End PBXFrameworksBuildPhase section */

/* Begin PBXGroup section */
		FA13AA22261CB73000B18108 = {
			isa = PBXGroup;
			children = (
				FA13AA2D261CB73000B18108 /* ch2task1 */,
				FA13AA2C261CB73000B18108 /* Products */,
			);
			sourceTree = "<group>";
		};
		FA13AA2C261CB73000B18108 /* Products */ = {
			isa = PBXGroup;
			children = (
				FA13AA2B261CB73000B18108 /* ch2task1.app */,
			);
			name = Products;
			sourceTree = "<group>";
		};
		FA13AA2D261CB73000B18108 /* ch2task1 */ = {
			isa = PBXGroup;
			children = (
				FA4D576126276A2D00B7BD31 /* CustomTableView */,
				FA6032A7262747E400D62848 /* Model */,
				FA13AA2E261CB73000B18108 /* AppDelegate.swift */,
				FA3C5D002624D2DD00124D4D /* CustomTableViewCell.swift */,
				FA3C5D012624D2DD00124D4D /* CustomTableViewCell.xib */,
				FA13AA30261CB73000B18108 /* SceneDelegate.swift */,
				FA3C5D052624DB6B00124D4D /* FriendsTableViewController.swift */,
				FA13AA32261CB73000B18108 /* LoginViewController.swift */,
				FA4D576326276C0A00B7BD31 /* CustomCollectionViewCell.swift */,
				FA4D576426276C0A00B7BD31 /* CustomCollectionViewCell.xib */,
				FA13AA34261CB73000B18108 /* Main.storyboard */,
				FA4D576826276FAA00B7BD31 /* PhotoCollectionViewController.swift */,
				FA13AA37261CB73100B18108 /* Assets.xcassets */,
				FA13AA39261CB73100B18108 /* LaunchScreen.storyboard */,
				FA13AA3C261CB73100B18108 /* Info.plist */,
			);
			path = ch2task1;
			sourceTree = "<group>";
		};
		FA4D576126276A2D00B7BD31 /* CustomTableView */ = {
			isa = PBXGroup;
			children = (
			);
			path = CustomTableView;
			sourceTree = "<group>";
		};
		FA6032A7262747E400D62848 /* Model */ = {
			isa = PBXGroup;
			children = (
			);
			path = Model;
			sourceTree = "<group>";
		};
/* End PBXGroup section */

/* Begin PBXNativeTarget section */
		FA13AA2A261CB73000B18108 /* ch2task1 */ = {
			isa = PBXNativeTarget;
			buildConfigurationList = FA13AA3F261CB73100B18108 /* Build configuration list for PBXNativeTarget "ch2task1" */;
			buildPhases = (
				FA13AA27261CB73000B18108 /* Sources */,
				FA13AA28261CB73000B18108 /* Frameworks */,
				FA13AA29261CB73000B18108 /* Resources */,
			);
			buildRules = (
			);
			dependencies = (
			);
			name = ch2task1;
			productName = ch2task1;
			productReference = FA13AA2B261CB73000B18108 /* ch2task1.app */;
			productType = "com.apple.product-type.application";
		};
/* End PBXNativeTarget section */

/* Begin PBXProject section */
		FA13AA23261CB73000B18108 /* Project object */ = {
			isa = PBXProject;
			attributes = {
				LastSwiftUpdateCheck = 1240;
				LastUpgradeCheck = 1240;
				TargetAttributes = {
					FA13AA2A261CB73000B18108 = {
						CreatedOnToolsVersion = 12.4;
					};
				};
			};
			buildConfigurationList = FA13AA26261CB73000B18108 /* Build configuration list for PBXProject "ch2task1" */;
			compatibilityVersion = "Xcode 9.3";
			developmentRegion = en;
			hasScannedForEncodings = 0;
			knownRegions = (
				en,
				Base,
			);
			mainGroup = FA13AA22261CB73000B18108;
			productRefGroup = FA13AA2C261CB73000B18108 /* Products */;
			projectDirPath = "";
			projectRoot = "";
			targets = (
				FA13AA2A261CB73000B18108 /* ch2task1 */,
			);
		};
/* End PBXProject section */

/* Begin PBXResourcesBuildPhase section */
		FA13AA29261CB73000B18108 /* Resources */ = {
			isa = PBXResourcesBuildPhase;
			buildActionMask = 2147483647;
			files = (
				FA13AA3B261CB73100B18108 /* LaunchScreen.storyboard in Resources */,
				FA13AA38261CB73100B18108 /* Assets.xcassets in Resources */,
				FA3C5D032624D2DD00124D4D /* CustomTableViewCell.xib in Resources */,
				FA4D576626276C0A00B7BD31 /* CustomCollectionViewCell.xib in Resources */,
				FA13AA36261CB73000B18108 /* Main.storyboard in Resources */,
			);
			runOnlyForDeploymentPostprocessing = 0;
		};
/* End PBXResourcesBuildPhase section */

/* Begin PBXSourcesBuildPhase section */
		FA13AA27261CB73000B18108 /* Sources */ = {
			isa = PBXSourcesBuildPhase;
			buildActionMask = 2147483647;
			files = (
				FA13AA33261CB73000B18108 /* LoginViewController.swift in Sources */,
				FA4D576526276C0A00B7BD31 /* CustomCollectionViewCell.swift in Sources */,
				FA4D576926276FAA00B7BD31 /* PhotoCollectionViewController.swift in Sources */,
				FA13AA2F261CB73000B18108 /* AppDelegate.swift in Sources */,
				FA3C5D022624D2DD00124D4D /* CustomTableViewCell.swift in Sources */,
				FA13AA31261CB73000B18108 /* SceneDelegate.swift in Sources */,
				FA3C5D062624DB6B00124D4D /* FriendsTableViewController.swift in Sources */,
			);
			runOnlyForDeploymentPostprocessing = 0;
		};
/* End PBXSourcesBuildPhase section */

/* Begin PBXVariantGroup section */
		FA13AA34261CB73000B18108 /* Main.storyboard */ = {
			isa = PBXVariantGroup;
			children = (
				FA13AA35261CB73000B18108 /* Base */,
			);
			name = Main.storyboard;
			sourceTree = "<group>";
		};
		FA13AA39261CB73100B18108 /* LaunchScreen.storyboard */ = {
			isa = PBXVariantGroup;
			children = (
				FA13AA3A261CB73100B18108 /* Base */,
			);
			name = LaunchScreen.storyboard;
			sourceTree = "<group>";
		};
/* End PBXVariantGroup section */

/* Begin XCBuildConfiguration section */
		FA13AA3D261CB73100B18108 /* Debug */ = {
			isa = XCBuildConfiguration;
			buildSettings = {
				ALWAYS_SEARCH_USER_PATHS = NO;
				CLANG_ANALYZER_NONNULL = YES;
				CLANG_ANALYZER_NUMBER_OBJECT_CONVERSION = YES_AGGRESSIVE;
				CLANG_CXX_LANGUAGE_STANDARD = "gnu++14";
				CLANG_CXX_LIBRARY = "libc++";
				CLANG_ENABLE_MODULES = YES;
				CLANG_ENABLE_OBJC_ARC = YES;
				CLANG_ENABLE_OBJC_WEAK = YES;
				CLANG_WARN_BLOCK_CAPTURE_AUTORELEASING = YES;
				CLANG_WARN_BOOL_CONVERSION = YES;
				CLANG_WARN_COMMA = YES;
				CLANG_WARN_CONSTANT_CONVERSION = YES;
				CLANG_WARN_DEPRECATED_OBJC_IMPLEMENTATIONS = YES;
				CLANG_WARN_DIRECT_OBJC_ISA_USAGE = YES_ERROR;
				CLANG_WARN_DOCUMENTATION_COMMENTS = YES;
				CLANG_WARN_EMPTY_BODY = YES;
				CLANG_WARN_ENUM_CONVERSION = YES;
				CLANG_WARN_INFINITE_RECURSION = YES;
				CLANG_WARN_INT_CONVERSION = YES;
				CLANG_WARN_NON_LITERAL_NULL_CONVERSION = YES;
				CLANG_WARN_OBJC_IMPLICIT_RETAIN_SELF = YES;
				CLANG_WARN_OBJC_LITERAL_CONVERSION = YES;
				CLANG_WARN_OBJC_ROOT_CLASS = YES_ERROR;
				CLANG_WARN_QUOTED_INCLUDE_IN_FRAMEWORK_HEADER = YES;
				CLANG_WARN_RANGE_LOOP_ANALYSIS = YES;
				CLANG_WARN_STRICT_PROTOTYPES = YES;
				CLANG_WARN_SUSPICIOUS_MOVE = YES;
				CLANG_WARN_UNGUARDED_AVAILABILITY = YES_AGGRESSIVE;
				CLANG_WARN_UNREACHABLE_CODE = YES;
				CLANG_WARN__DUPLICATE_METHOD_MATCH = YES;
				COPY_PHASE_STRIP = NO;
				DEBUG_INFORMATION_FORMAT = dwarf;
				ENABLE_STRICT_OBJC_MSGSEND = YES;
				ENABLE_TESTABILITY = YES;
				GCC_C_LANGUAGE_STANDARD = gnu11;
				GCC_DYNAMIC_NO_PIC = NO;
				GCC_NO_COMMON_BLOCKS = YES;
				GCC_OPTIMIZATION_LEVEL = 0;
				GCC_PREPROCESSOR_DEFINITIONS = (
					"DEBUG=1",
					"$(inherited)",
				);
				GCC_WARN_64_TO_32_BIT_CONVERSION = YES;
				GCC_WARN_ABOUT_RETURN_TYPE = YES_ERROR;
				GCC_WARN_UNDECLARED_SELECTOR = YES;
				GCC_WARN_UNINITIALIZED_AUTOS = YES_AGGRESSIVE;
				GCC_WARN_UNUSED_FUNCTION = YES;
				GCC_WARN_UNUSED_VARIABLE = YES;
				IPHONEOS_DEPLOYMENT_TARGET = 14.4;
				MTL_ENABLE_DEBUG_INFO = INCLUDE_SOURCE;
				MTL_FAST_MATH = YES;
				ONLY_ACTIVE_ARCH = YES;
				SDKROOT = iphoneos;
				SWIFT_ACTIVE_COMPILATION_CONDITIONS = DEBUG;
				SWIFT_OPTIMIZATION_LEVEL = "-Onone";
			};
			name = Debug;
		};
		FA13AA3E261CB73100B18108 /* Release */ = {
			isa = XCBuildConfiguration;
			buildSettings = {
				ALWAYS_SEARCH_USER_PATHS = NO;
				CLANG_ANALYZER_NONNULL = YES;
				CLANG_ANALYZER_NUMBER_OBJECT_CONVERSION = YES_AGGRESSIVE;
				CLANG_CXX_LANGUAGE_STANDARD = "gnu++14";
				CLANG_CXX_LIBRARY = "libc++";
				CLANG_ENABLE_MODULES = YES;
				CLANG_ENABLE_OBJC_ARC = YES;
				CLANG_ENABLE_OBJC_WEAK = YES;
				CLANG_WARN_BLOCK_CAPTURE_AUTORELEASING = YES;
				CLANG_WARN_BOOL_CONVERSION = YES;
				CLANG_WARN_COMMA = YES;
				CLANG_WARN_CONSTANT_CONVERSION = YES;
				CLANG_WARN_DEPRECATED_OBJC_IMPLEMENTATIONS = YES;
				CLANG_WARN_DIRECT_OBJC_ISA_USAGE = YES_ERROR;
				CLANG_WARN_DOCUMENTATION_COMMENTS = YES;
				CLANG_WARN_EMPTY_BODY = YES;
				CLANG_WARN_ENUM_CONVERSION = YES;
				CLANG_WARN_INFINITE_RECURSION = YES;
				CLANG_WARN_INT_CONVERSION = YES;
				CLANG_WARN_NON_LITERAL_NULL_CONVERSION = YES;
				CLANG_WARN_OBJC_IMPLICIT_RETAIN_SELF = YES;
				CLANG_WARN_OBJC_LITERAL_CONVERSION = YES;
				CLANG_WARN_OBJC_ROOT_CLASS = YES_ERROR;
				CLANG_WARN_QUOTED_INCLUDE_IN_FRAMEWORK_HEADER = YES;
				CLANG_WARN_RANGE_LOOP_ANALYSIS = YES;
				CLANG_WARN_STRICT_PROTOTYPES = YES;
				CLANG_WARN_SUSPICIOUS_MOVE = YES;
				CLANG_WARN_UNGUARDED_AVAILABILITY = YES_AGGRESSIVE;
				CLANG_WARN_UNREACHABLE_CODE = YES;
				CLANG_WARN__DUPLICATE_METHOD_MATCH = YES;
				COPY_PHASE_STRIP = NO;
				DEBUG_INFORMATION_FORMAT = "dwarf-with-dsym";
				ENABLE_NS_ASSERTIONS = NO;
				ENABLE_STRICT_OBJC_MSGSEND = YES;
				GCC_C_LANGUAGE_STANDARD = gnu11;
				GCC_NO_COMMON_BLOCKS = YES;
				GCC_WARN_64_TO_32_BIT_CONVERSION = YES;
				GCC_WARN_ABOUT_RETURN_TYPE = YES_ERROR;
				GCC_WARN_UNDECLARED_SELECTOR = YES;
				GCC_WARN_UNINITIALIZED_AUTOS = YES_AGGRESSIVE;
				GCC_WARN_UNUSED_FUNCTION = YES;
				GCC_WARN_UNUSED_VARIABLE = YES;
				IPHONEOS_DEPLOYMENT_TARGET = 14.4;
				MTL_ENABLE_DEBUG_INFO = NO;
				MTL_FAST_MATH = YES;
				SDKROOT = iphoneos;
				SWIFT_COMPILATION_MODE = wholemodule;
				SWIFT_OPTIMIZATION_LEVEL = "-O";
				VALIDATE_PRODUCT = YES;
			};
			name = Release;
		};
		FA13AA40261CB73100B18108 /* Debug */ = {
			isa = XCBuildConfiguration;
			buildSettings = {
				ASSETCATALOG_COMPILER_APPICON_NAME = AppIcon;
				ASSETCATALOG_COMPILER_GLOBAL_ACCENT_COLOR_NAME = AccentColor;
				CODE_SIGN_STYLE = Automatic;
				DEVELOPMENT_TEAM = 2RY2PFC2F8;
				INFOPLIST_FILE = ch2task1/Info.plist;
				LD_RUNPATH_SEARCH_PATHS = (
					"$(inherited)",
					"@executable_path/Frameworks",
				);
				PRODUCT_BUNDLE_IDENTIFIER = "alexander-chumachenko.ch2task1";
				PRODUCT_NAME = "$(TARGET_NAME)";
				SWIFT_VERSION = 5.0;
				TARGETED_DEVICE_FAMILY = "1,2";
			};
			name = Debug;
		};
		FA13AA41261CB73100B18108 /* Release */ = {
			isa = XCBuildConfiguration;
			buildSettings = {
				ASSETCATALOG_COMPILER_APPICON_NAME = AppIcon;
				ASSETCATALOG_COMPILER_GLOBAL_ACCENT_COLOR_NAME = AccentColor;
				CODE_SIGN_STYLE = Automatic;
				DEVELOPMENT_TEAM = 2RY2PFC2F8;
				INFOPLIST_FILE = ch2task1/Info.plist;
				LD_RUNPATH_SEARCH_PATHS = (
					"$(inherited)",
					"@executable_path/Frameworks",
				);
				PRODUCT_BUNDLE_IDENTIFIER = "alexander-chumachenko.ch2task1";
				PRODUCT_NAME = "$(TARGET_NAME)";
				SWIFT_VERSION = 5.0;
				TARGETED_DEVICE_FAMILY = "1,2";
			};
			name = Release;
		};
/* End XCBuildConfiguration section */

/* Begin XCConfigurationList section */
		FA13AA26261CB73000B18108 /* Build configuration list for PBXProject "ch2task1" */ = {
			isa = XCConfigurationList;
			buildConfigurations = (
				FA13AA3D261CB73100B18108 /* Debug */,
				FA13AA3E261CB73100B18108 /* Release */,
			);
			defaultConfigurationIsVisible = 0;
			defaultConfigurationName = Release;
		};
		FA13AA3F261CB73100B18108 /* Build configuration list for PBXNativeTarget "ch2task1" */ = {
			isa = XCConfigurationList;
			buildConfigurations = (
				FA13AA40261CB73100B18108 /* Debug */,
				FA13AA41261CB73100B18108 /* Release */,
			);
			defaultConfigurationIsVisible = 0;
			defaultConfigurationName = Release;
		};
/* End XCConfigurationList section */
	};
	rootObject = FA13AA23261CB73000B18108 /* Project object */;
}
